
Microsoft Visual Studio Solution File, Format Version 12.00
# Visual Studio Version 17
VisualStudioVersion = 17.13.35806.99 d17.13
MinimumVisualStudioVersion = 10.0.40219.1
Project("{FAE04EC0-301F-11D3-BF4B-00C04F79EFBC}") = "Lista de Exercícios - POO - Individual", "Lista de Exercícios - POO - Individual\Lista de Exercícios - POO - Individual.csproj", "{1570CCEE-5086-4EE2-B9C3-445B5C1AC16E}"
EndProject
Global
	GlobalSection(SolutionConfigurationPlatforms) = preSolution
		Debug|Any CPU = Debug|Any CPU
		Release|Any CPU = Release|Any CPU
	EndGlobalSection
	GlobalSection(ProjectConfigurationPlatforms) = postSolution
		{1570CCEE-5086-4EE2-B9C3-445B5C1AC16E}.Debug|Any CPU.ActiveCfg = Debug|Any CPU
		{1570CCEE-5086-4EE2-B9C3-445B5C1AC16E}.Debug|Any CPU.Build.0 = Debug|Any CPU
		{1570CCEE-5086-4EE2-B9C3-445B5C1AC16E}.Release|Any CPU.ActiveCfg = Release|Any CPU
		{1570CCEE-5086-4EE2-B9C3-445B5C1AC16E}.Release|Any CPU.Build.0 = Release|Any CPU
	EndGlobalSection
	GlobalSection(SolutionProperties) = preSolution
		HideSolutionNode = FALSE
	EndGlobalSection
	GlobalSection(ExtensibilityGlobals) = postSolution
		SolutionGuid = {9C0809F7-EB77-4505-A7DC-64AD659D3E06}
	EndGlobalSection
EndGlobal
